
Microsoft Visual Studio Solution File, Format Version 12.00
# Visual Studio 15
VisualStudioVersion = 15.0.27004.2005
MinimumVisualStudioVersion = 10.0.40219.1
Project("{9A19103F-16F7-4668-BE54-9A1E7A4F7556}") = "CryptoInvestor.Core", "src\CryptoInvestor.Core\CryptoInvestor.Core.csproj", "{F762DC4A-F565-4153-BBE2-FCA960F94F12}"
EndProject
Project("{9A19103F-16F7-4668-BE54-9A1E7A4F7556}") = "CryptoInvestor.Infrastructure", "src\CryptoInvestor.Infrastructure\CryptoInvestor.Infrastructure.csproj", "{6089045F-976B-45F6-85C6-5538ED9DCC65}"
EndProject
Project("{9A19103F-16F7-4668-BE54-9A1E7A4F7556}") = "CryptoInvestor.Api", "src\CryptoInvestor.Api\CryptoInvestor.Api.csproj", "{4561F461-B273-492A-ADCD-4778D8835B53}"
EndProject
Project("{9A19103F-16F7-4668-BE54-9A1E7A4F7556}") = "CryptoInvestor.Tests", "tests\CryptoInvestor.Tests\CryptoInvestor.Tests.csproj", "{FDE0F49A-4FE1-4224-9F1B-A4715D31243E}"
EndProject
Project("{9A19103F-16F7-4668-BE54-9A1E7A4F7556}") = "CryptoInvestor.Tests.EndToEnd", "tests\CryptoInvestor.Tests.EndToEnd\CryptoInvestor.Tests.EndToEnd.csproj", "{D0D6FB47-772C-4DEC-A3D7-C194F1887B1D}"
EndProject
Global
	GlobalSection(SolutionConfigurationPlatforms) = preSolution
		Debug|Any CPU = Debug|Any CPU
		Release|Any CPU = Release|Any CPU
	EndGlobalSection
	GlobalSection(ProjectConfigurationPlatforms) = postSolution
		{F762DC4A-F565-4153-BBE2-FCA960F94F12}.Debug|Any CPU.ActiveCfg = Debug|Any CPU
		{F762DC4A-F565-4153-BBE2-FCA960F94F12}.Debug|Any CPU.Build.0 = Debug|Any CPU
		{F762DC4A-F565-4153-BBE2-FCA960F94F12}.Release|Any CPU.ActiveCfg = Release|Any CPU
		{F762DC4A-F565-4153-BBE2-FCA960F94F12}.Release|Any CPU.Build.0 = Release|Any CPU
		{6089045F-976B-45F6-85C6-5538ED9DCC65}.Debug|Any CPU.ActiveCfg = Debug|Any CPU
		{6089045F-976B-45F6-85C6-5538ED9DCC65}.Debug|Any CPU.Build.0 = Debug|Any CPU
		{6089045F-976B-45F6-85C6-5538ED9DCC65}.Release|Any CPU.ActiveCfg = Release|Any CPU
		{6089045F-976B-45F6-85C6-5538ED9DCC65}.Release|Any CPU.Build.0 = Release|Any CPU
		{4561F461-B273-492A-ADCD-4778D8835B53}.Debug|Any CPU.ActiveCfg = Debug|Any CPU
		{4561F461-B273-492A-ADCD-4778D8835B53}.Debug|Any CPU.Build.0 = Debug|Any CPU
		{4561F461-B273-492A-ADCD-4778D8835B53}.Release|Any CPU.ActiveCfg = Release|Any CPU
		{4561F461-B273-492A-ADCD-4778D8835B53}.Release|Any CPU.Build.0 = Release|Any CPU
		{FDE0F49A-4FE1-4224-9F1B-A4715D31243E}.Debug|Any CPU.ActiveCfg = Debug|Any CPU
		{FDE0F49A-4FE1-4224-9F1B-A4715D31243E}.Debug|Any CPU.Build.0 = Debug|Any CPU
		{FDE0F49A-4FE1-4224-9F1B-A4715D31243E}.Release|Any CPU.ActiveCfg = Release|Any CPU
		{FDE0F49A-4FE1-4224-9F1B-A4715D31243E}.Release|Any CPU.Build.0 = Release|Any CPU
		{D0D6FB47-772C-4DEC-A3D7-C194F1887B1D}.Debug|Any CPU.ActiveCfg = Debug|Any CPU
		{D0D6FB47-772C-4DEC-A3D7-C194F1887B1D}.Debug|Any CPU.Build.0 = Debug|Any CPU
		{D0D6FB47-772C-4DEC-A3D7-C194F1887B1D}.Release|Any CPU.ActiveCfg = Release|Any CPU
		{D0D6FB47-772C-4DEC-A3D7-C194F1887B1D}.Release|Any CPU.Build.0 = Release|Any CPU
	EndGlobalSection
	GlobalSection(SolutionProperties) = preSolution
		HideSolutionNode = FALSE
	EndGlobalSection
	GlobalSection(ExtensibilityGlobals) = postSolution
		SolutionGuid = {A7149281-72C4-4C0C-82B2-3C3E9E4220FA}
	EndGlobalSection
EndGlobal
